
Microsoft Visual Studio Solution File, Format Version 12.00
# Visual Studio Version 16
VisualStudioVersion = 16.0.28803.202
MinimumVisualStudioVersion = 10.0.40219.1
Project("{FAE04EC0-301F-11D3-BF4B-00C04F79EFBC}") = "CoreHiWPF", "CoreHiWPF\CoreHiWPF.csproj", "{AF27105A-18A4-43FE-8EBC-1059FD4311BC}"
EndProject
Project("{FAE04EC0-301F-11D3-BF4B-00C04F79EFBC}") = "HiWPF", "HiWPF\HiWPF.csproj", "{A813A5DE-E0FC-451F-BD97-53509898F445}"
EndProject
Global
	GlobalSection(SolutionConfigurationPlatforms) = preSolution
		Debug|Any CPU = Debug|Any CPU
		Release|Any CPU = Release|Any CPU
	EndGlobalSection
	GlobalSection(ProjectConfigurationPlatforms) = postSolution
		{AF27105A-18A4-43FE-8EBC-1059FD4311BC}.Debug|Any CPU.ActiveCfg = Debug|Any CPU
		{AF27105A-18A4-43FE-8EBC-1059FD4311BC}.Debug|Any CPU.Build.0 = Debug|Any CPU
		{AF27105A-18A4-43FE-8EBC-1059FD4311BC}.Release|Any CPU.ActiveCfg = Release|Any CPU
		{AF27105A-18A4-43FE-8EBC-1059FD4311BC}.Release|Any CPU.Build.0 = Release|Any CPU
		{A813A5DE-E0FC-451F-BD97-53509898F445}.Debug|Any CPU.ActiveCfg = Debug|Any CPU
		{A813A5DE-E0FC-451F-BD97-53509898F445}.Debug|Any CPU.Build.0 = Debug|Any CPU
		{A813A5DE-E0FC-451F-BD97-53509898F445}.Release|Any CPU.ActiveCfg = Release|Any CPU
		{A813A5DE-E0FC-451F-BD97-53509898F445}.Release|Any CPU.Build.0 = Release|Any CPU
	EndGlobalSection
	GlobalSection(SolutionProperties) = preSolution
		HideSolutionNode = FALSE
	EndGlobalSection
	GlobalSection(ExtensibilityGlobals) = postSolution
		SolutionGuid = {9BCEB937-A257-4493-9009-211FB02239BA}
	EndGlobalSection
EndGlobal
